// !$*UTF8*$!
{
	archiveVersion = 1;
	classes = {
	};
	objectVersion = 46;
	objects = {

/* Begin PBXBuildFile section */
		E5B4D93BB3E2126B5F9B6AFD /* libPods-Weather.a in Frameworks */ = {isa = PBXBuildFile; fileRef = 85388027FA6C3B50B76A5E09 /* libPods-Weather.a */; };
		F51C00D11B8602B6001854E7 /* main.m in Sources */ = {isa = PBXBuildFile; fileRef = F51C00D01B8602B6001854E7 /* main.m */; };
		F51C00D41B8602B6001854E7 /* AppDelegate.m in Sources */ = {isa = PBXBuildFile; fileRef = F51C00D31B8602B6001854E7 /* AppDelegate.m */; };
		F51C00D61B8602B6001854E7 /* Images.xcassets in Resources */ = {isa = PBXBuildFile; fileRef = F51C00D51B8602B6001854E7 /* Images.xcassets */; };
		F51C00D91B8602B6001854E7 /* LaunchScreen.xib in Resources */ = {isa = PBXBuildFile; fileRef = F51C00D71B8602B6001854E7 /* LaunchScreen.xib */; };
		F51C00E51B8602B7001854E7 /* WeatherTests.m in Sources */ = {isa = PBXBuildFile; fileRef = F51C00E41B8602B7001854E7 /* WeatherTests.m */; };
/* End PBXBuildFile section */

/* Begin PBXContainerItemProxy section */
		F51C00DF1B8602B7001854E7 /* PBXContainerItemProxy */ = {
			isa = PBXContainerItemProxy;
			containerPortal = F51C00C31B8602B6001854E7 /* Project object */;
			proxyType = 1;
			remoteGlobalIDString = F51C00CA1B8602B6001854E7;
			remoteInfo = Weather;
		};
/* End PBXContainerItemProxy section */

/* Begin PBXFileReference section */
		657158DDA6BA291642A6DE66 /* Pods-Weather.debug.xcconfig */ = {isa = PBXFileReference; includeInIndex = 1; lastKnownFileType = text.xcconfig; name = "Pods-Weather.debug.xcconfig"; path = "Pods/Target Support Files/Pods-Weather/Pods-Weather.debug.xcconfig"; sourceTree = "<group>"; };
		7C80FA7B48D106B60C6CC70E /* Pods-Weather.release.xcconfig */ = {isa = PBXFileReference; includeInIndex = 1; lastKnownFileType = text.xcconfig; name = "Pods-Weather.release.xcconfig"; path = "Pods/Target Support Files/Pods-Weather/Pods-Weather.release.xcconfig"; sourceTree = "<group>"; };
		85388027FA6C3B50B76A5E09 /* libPods-Weather.a */ = {isa = PBXFileReference; explicitFileType = archive.ar; includeInIndex = 0; path = "libPods-Weather.a"; sourceTree = BUILT_PRODUCTS_DIR; };
		F51C00CB1B8602B6001854E7 /* Weather.app */ = {isa = PBXFileReference; explicitFileType = wrapper.application; includeInIndex = 0; path = Weather.app; sourceTree = BUILT_PRODUCTS_DIR; };
		F51C00CF1B8602B6001854E7 /* Info.plist */ = {isa = PBXFileReference; lastKnownFileType = text.plist.xml; path = Info.plist; sourceTree = "<group>"; };
		F51C00D01B8602B6001854E7 /* main.m */ = {isa = PBXFileReference; lastKnownFileType = sourcecode.c.objc; path = main.m; sourceTree = "<group>"; };
		F51C00D21B8602B6001854E7 /* AppDelegate.h */ = {isa = PBXFileReference; lastKnownFileType = sourcecode.c.h; path = AppDelegate.h; sourceTree = "<group>"; };
		F51C00D31B8602B6001854E7 /* AppDelegate.m */ = {isa = PBXFileReference; lastKnownFileType = sourcecode.c.objc; path = AppDelegate.m; sourceTree = "<group>"; };
		F51C00D51B8602B6001854E7 /* Images.xcassets */ = {isa = PBXFileReference; lastKnownFileType = folder.assetcatalog; path = Images.xcassets; sourceTree = "<group>"; };
		F51C00D81B8602B6001854E7 /* Base */ = {isa = PBXFileReference; lastKnownFileType = file.xib; name = Base; path = Base.lproj/LaunchScreen.xib; sourceTree = "<group>"; };
		F51C00DE1B8602B7001854E7 /* WeatherTests.xctest */ = {isa = PBXFileReference; explicitFileType = wrapper.cfbundle; includeInIndex = 0; path = WeatherTests.xctest; sourceTree = BUILT_PRODUCTS_DIR; };
		F51C00E31B8602B7001854E7 /* Info.plist */ = {isa = PBXFileReference; lastKnownFileType = text.plist.xml; path = Info.plist; sourceTree = "<group>"; };
		F51C00E41B8602B7001854E7 /* WeatherTests.m */ = {isa = PBXFileReference; lastKnownFileType = sourcecode.c.objc; path = WeatherTests.m; sourceTree = "<group>"; };
/* End PBXFileReference section */

/* Begin PBXFrameworksBuildPhase section */
		F51C00C81B8602B6001854E7 /* Frameworks */ = {
			isa = PBXFrameworksBuildPhase;
			buildActionMask = 2147483647;
			files = (
				E5B4D93BB3E2126B5F9B6AFD /* libPods-Weather.a in Frameworks */,
			);
			runOnlyForDeploymentPostprocessing = 0;
		};
		F51C00DB1B8602B7001854E7 /* Frameworks */ = {
			isa = PBXFrameworksBuildPhase;
			buildActionMask = 2147483647;
			files = (
			);
			runOnlyForDeploymentPostprocessing = 0;
		};
/* End PBXFrameworksBuildPhase section */

/* Begin PBXGroup section */
		626F1AF53EB3FD03477C9A82 /* Frameworks */ = {
			isa = PBXGroup;
			children = (
				85388027FA6C3B50B76A5E09 /* libPods-Weather.a */,
			);
			name = Frameworks;
			sourceTree = "<group>";
		};
		748B07356B0A269C7F29E745 /* Pods */ = {
			isa = PBXGroup;
			children = (
				657158DDA6BA291642A6DE66 /* Pods-Weather.debug.xcconfig */,
				7C80FA7B48D106B60C6CC70E /* Pods-Weather.release.xcconfig */,
			);
			name = Pods;
			sourceTree = "<group>";
		};
		F51C00C21B8602B6001854E7 = {
			isa = PBXGroup;
			children = (
				F51C00CD1B8602B6001854E7 /* Weather */,
				F51C00E11B8602B7001854E7 /* WeatherTests */,
				F51C00CC1B8602B6001854E7 /* Products */,
				748B07356B0A269C7F29E745 /* Pods */,
				626F1AF53EB3FD03477C9A82 /* Frameworks */,
			);
			sourceTree = "<group>";
		};
		F51C00CC1B8602B6001854E7 /* Products */ = {
			isa = PBXGroup;
			children = (
				F51C00CB1B8602B6001854E7 /* Weather.app */,
				F51C00DE1B8602B7001854E7 /* WeatherTests.xctest */,
			);
			name = Products;
			sourceTree = "<group>";
		};
		F51C00CD1B8602B6001854E7 /* Weather */ = {
			isa = PBXGroup;
			children = (
				F51C00D21B8602B6001854E7 /* AppDelegate.h */,
				F51C00D31B8602B6001854E7 /* AppDelegate.m */,
				F51C00D51B8602B6001854E7 /* Images.xcassets */,
				F51C00D71B8602B6001854E7 /* LaunchScreen.xib */,
				F51C00CE1B8602B6001854E7 /* Supporting Files */,
			);
			path = Weather;
			sourceTree = "<group>";
		};
		F51C00CE1B8602B6001854E7 /* Supporting Files */ = {
			isa = PBXGroup;
			children = (
				F51C00CF1B8602B6001854E7 /* Info.plist */,
				F51C00D01B8602B6001854E7 /* main.m */,
			);
			name = "Supporting Files";
			sourceTree = "<group>";
		};
		F51C00E11B8602B7001854E7 /* WeatherTests */ = {
			isa = PBXGroup;
			children = (
				F51C00E41B8602B7001854E7 /* WeatherTests.m */,
				F51C00E21B8602B7001854E7 /* Supporting Files */,
			);
			path = WeatherTests;
			sourceTree = "<group>";
		};
		F51C00E21B8602B7001854E7 /* Supporting Files */ = {
			isa = PBXGroup;
			children = (
				F51C00E31B8602B7001854E7 /* Info.plist */,
			);
			name = "Supporting Files";
			sourceTree = "<group>";
		};
/* End PBXGroup section */

/* Begin PBXNativeTarget section */
		F51C00CA1B8602B6001854E7 /* Weather */ = {
			isa = PBXNativeTarget;
			buildConfigurationList = F51C00E81B8602B7001854E7 /* Build configuration list for PBXNativeTarget "Weather" */;
			buildPhases = (
				DC8D9240A5F39CFB272EA2A9 /* Check Pods Manifest.lock */,
				F51C00C71B8602B6001854E7 /* Sources */,
				F51C00C81B8602B6001854E7 /* Frameworks */,
				F51C00C91B8602B6001854E7 /* Resources */,
				B4B46A6C7530CAE75CAE57FE /* Copy Pods Resources */,
			);
			buildRules = (
			);
			dependencies = (
			);
			name = Weather;
			productName = Weather;
			productReference = F51C00CB1B8602B6001854E7 /* Weather.app */;
			productType = "com.apple.product-type.application";
		};
		F51C00DD1B8602B7001854E7 /* WeatherTests */ = {
			isa = PBXNativeTarget;
			buildConfigurationList = F51C00EB1B8602B7001854E7 /* Build configuration list for PBXNativeTarget "WeatherTests" */;
			buildPhases = (
				F51C00DA1B8602B7001854E7 /* Sources */,
				F51C00DB1B8602B7001854E7 /* Frameworks */,
				F51C00DC1B8602B7001854E7 /* Resources */,
			);
			buildRules = (
			);
			dependencies = (
				F51C00E01B8602B7001854E7 /* PBXTargetDependency */,
			);
			name = WeatherTests;
			productName = WeatherTests;
			productReference = F51C00DE1B8602B7001854E7 /* WeatherTests.xctest */;
			productType = "com.apple.product-type.bundle.unit-test";
		};
/* End PBXNativeTarget section */

/* Begin PBXProject section */
		F51C00C31B8602B6001854E7 /* Project object */ = {
			isa = PBXProject;
			attributes = {
				LastUpgradeCheck = 0640;
				ORGANIZATIONNAME = lemurinthebox;
				TargetAttributes = {
					F51C00CA1B8602B6001854E7 = {
						CreatedOnToolsVersion = 6.4;
					};
					F51C00DD1B8602B7001854E7 = {
						CreatedOnToolsVersion = 6.4;
						TestTargetID = F51C00CA1B8602B6001854E7;
					};
				};
			};
			buildConfigurationList = F51C00C61B8602B6001854E7 /* Build configuration list for PBXProject "Weather" */;
			compatibilityVersion = "Xcode 3.2";
			developmentRegion = English;
			hasScannedForEncodings = 0;
			knownRegions = (
				en,
				Base,
			);
			mainGroup = F51C00C21B8602B6001854E7;
			productRefGroup = F51C00CC1B8602B6001854E7 /* Products */;
			projectDirPath = "";
			projectRoot = "";
			targets = (
				F51C00CA1B8602B6001854E7 /* Weather */,
				F51C00DD1B8602B7001854E7 /* WeatherTests */,
			);
		};
/* End PBXProject section */

/* Begin PBXResourcesBuildPhase section */
		F51C00C91B8602B6001854E7 /* Resources */ = {
			isa = PBXResourcesBuildPhase;
			buildActionMask = 2147483647;
			files = (
				F51C00D91B8602B6001854E7 /* LaunchScreen.xib in Resources */,
				F51C00D61B8602B6001854E7 /* Images.xcassets in Resources */,
			);
			runOnlyForDeploymentPostprocessing = 0;
		};
		F51C00DC1B8602B7001854E7 /* Resources */ = {
			isa = PBXResourcesBuildPhase;
			buildActionMask = 2147483647;
			files = (
			);
			runOnlyForDeploymentPostprocessing = 0;
		};
/* End PBXResourcesBuildPhase section */

/* Begin PBXShellScriptBuildPhase section */
		B4B46A6C7530CAE75CAE57FE /* Copy Pods Resources */ = {
			isa = PBXShellScriptBuildPhase;
			buildActionMask = 2147483647;
			files = (
			);
			inputPaths = (
			);
			name = "Copy Pods Resources";
			outputPaths = (
			);
			runOnlyForDeploymentPostprocessing = 0;
			shellPath = /bin/sh;
			shellScript = "\"${SRCROOT}/Pods/Target Support Files/Pods-Weather/Pods-Weather-resources.sh\"\n";
			showEnvVarsInLog = 0;
		};
		DC8D9240A5F39CFB272EA2A9 /* Check Pods Manifest.lock */ = {
			isa = PBXShellScriptBuildPhase;
			buildActionMask = 2147483647;
			files = (
			);
			inputPaths = (
			);
			name = "Check Pods Manifest.lock";
			outputPaths = (
			);
			runOnlyForDeploymentPostprocessing = 0;
			shellPath = /bin/sh;
			shellScript = "diff \"${PODS_ROOT}/../Podfile.lock\" \"${PODS_ROOT}/Manifest.lock\" > /dev/null\nif [[ $? != 0 ]] ; then\n    cat << EOM\nerror: The sandbox is not in sync with the Podfile.lock. Run 'pod install' or update your CocoaPods installation.\nEOM\n    exit 1\nfi\n";
			showEnvVarsInLog = 0;
		};
/* End PBXShellScriptBuildPhase section */

/* Begin PBXSourcesBuildPhase section */
		F51C00C71B8602B6001854E7 /* Sources */ = {
			isa = PBXSourcesBuildPhase;
			buildActionMask = 2147483647;
			files = (
				F51C00D41B8602B6001854E7 /* AppDelegate.m in Sources */,
				F51C00D11B8602B6001854E7 /* main.m in Sources */,
			);
			runOnlyForDeploymentPostprocessing = 0;
		};
		F51C00DA1B8602B7001854E7 /* Sources */ = {
			isa = PBXSourcesBuildPhase;
			buildActionMask = 2147483647;
			files = (
				F51C00E51B8602B7001854E7 /* WeatherTests.m in Sources */,
			);
			runOnlyForDeploymentPostprocessing = 0;
		};
/* End PBXSourcesBuildPhase section */

/* Begin PBXTargetDependency section */
		F51C00E01B8602B7001854E7 /* PBXTargetDependency */ = {
			isa = PBXTargetDependency;
			target = F51C00CA1B8602B6001854E7 /* Weather */;
			targetProxy = F51C00DF1B8602B7001854E7 /* PBXContainerItemProxy */;
		};
/* End PBXTargetDependency section */

/* Begin PBXVariantGroup section */
		F51C00D71B8602B6001854E7 /* LaunchScreen.xib */ = {
			isa = PBXVariantGroup;
			children = (
				F51C00D81B8602B6001854E7 /* Base */,
			);
			name = LaunchScreen.xib;
			sourceTree = "<group>";
		};
/* End PBXVariantGroup section */

/* Begin XCBuildConfiguration section */
		F51C00E61B8602B7001854E7 /* Debug */ = {
			isa = XCBuildConfiguration;
			buildSettings = {
				ALWAYS_SEARCH_USER_PATHS = NO;
				CLANG_CXX_LANGUAGE_STANDARD = "gnu++0x";
				CLANG_CXX_LIBRARY = "libc++";
				CLANG_ENABLE_MODULES = YES;
				CLANG_ENABLE_OBJC_ARC = YES;
				CLANG_WARN_BOOL_CONVERSION = YES;
				CLANG_WARN_CONSTANT_CONVERSION = YES;
				CLANG_WARN_DIRECT_OBJC_ISA_USAGE = YES_ERROR;
				CLANG_WARN_EMPTY_BODY = YES;
				CLANG_WARN_ENUM_CONVERSION = YES;
				CLANG_WARN_INT_CONVERSION = YES;
				CLANG_WARN_OBJC_ROOT_CLASS = YES_ERROR;
				CLANG_WARN_UNREACHABLE_CODE = YES;
				CLANG_WARN__DUPLICATE_METHOD_MATCH = YES;
				"CODE_SIGN_IDENTITY[sdk=iphoneos*]" = "iPhone Developer";
				COPY_PHASE_STRIP = NO;
				DEBUG_INFORMATION_FORMAT = "dwarf-with-dsym";
				ENABLE_STRICT_OBJC_MSGSEND = YES;
				GCC_C_LANGUAGE_STANDARD = gnu99;
				GCC_DYNAMIC_NO_PIC = NO;
				GCC_NO_COMMON_BLOCKS = YES;
				GCC_OPTIMIZATION_LEVEL = 0;
				GCC_PREPROCESSOR_DEFINITIONS = (
					"DEBUG=1",
					"$(inherited)",
				);
				GCC_SYMBOLS_PRIVATE_EXTERN = NO;
				GCC_WARN_64_TO_32_BIT_CONVERSION = YES;
				GCC_WARN_ABOUT_RETURN_TYPE = YES_ERROR;
				GCC_WARN_UNDECLARED_SELECTOR = YES;
				GCC_WARN_UNINITIALIZED_AUTOS = YES_AGGRESSIVE;
				GCC_WARN_UNUSED_FUNCTION = YES;
				GCC_WARN_UNUSED_VARIABLE = YES;
				IPHONEOS_DEPLOYMENT_TARGET = 8.4;
				MTL_ENABLE_DEBUG_INFO = YES;
				ONLY_ACTIVE_ARCH = YES;
				SDKROOT = iphoneos;
				TARGETED_DEVICE_FAMILY = "1,2";
			};
			name = Debug;
		};
		F51C00E71B8602B7001854E7 /* Release */ = {
			isa = XCBuildConfiguration;
			buildSettings = {
				ALWAYS_SEARCH_USER_PATHS = NO;
				CLANG_CXX_LANGUAGE_STANDARD = "gnu++0x";
				CLANG_CXX_LIBRARY = "libc++";
				CLANG_ENABLE_MODULES = YES;
				CLANG_ENABLE_OBJC_ARC = YES;
				CLANG_WARN_BOOL_CONVERSION = YES;
				CLANG_WARN_CONSTANT_CONVERSION = YES;
				CLANG_WARN_DIRECT_OBJC_ISA_USAGE = YES_ERROR;
				CLANG_WARN_EMPTY_BODY = YES;
				CLANG_WARN_ENUM_CONVERSION = YES;
				CLANG_WARN_INT_CONVERSION = YES;
				CLANG_WARN_OBJC_ROOT_CLASS = YES_ERROR;
				CLANG_WARN_UNREACHABLE_CODE = YES;
				CLANG_WARN__DUPLICATE_METHOD_MATCH = YES;
				"CODE_SIGN_IDENTITY[sdk=iphoneos*]" = "iPhone Developer";
				COPY_PHASE_STRIP = NO;
				DEBUG_INFORMATION_FORMAT = "dwarf-with-dsym";
				ENABLE_NS_ASSERTIONS = NO;
				ENABLE_STRICT_OBJC_MSGSEND = YES;
				GCC_C_LANGUAGE_STANDARD = gnu99;
				GCC_NO_COMMON_BLOCKS = YES;
				GCC_WARN_64_TO_32_BIT_CONVERSION = YES;
				GCC_WARN_ABOUT_RETURN_TYPE = YES_ERROR;
				GCC_WARN_UNDECLARED_SELECTOR = YES;
				GCC_WARN_UNINITIALIZED_AUTOS = YES_AGGRESSIVE;
				GCC_WARN_UNUSED_FUNCTION = YES;
				GCC_WARN_UNUSED_VARIABLE = YES;
				IPHONEOS_DEPLOYMENT_TARGET = 8.4;
				MTL_ENABLE_DEBUG_INFO = NO;
				SDKROOT = iphoneos;
				TARGETED_DEVICE_FAMILY = "1,2";
				VALIDATE_PRODUCT = YES;
			};
			name = Release;
		};
		F51C00E91B8602B7001854E7 /* Debug */ = {
			isa = XCBuildConfiguration;
			baseConfigurationReference = 657158DDA6BA291642A6DE66 /* Pods-Weather.debug.xcconfig */;
			buildSettings = {
				ASSETCATALOG_COMPILER_APPICON_NAME = AppIcon;
				INFOPLIST_FILE = Weather/Info.plist;
				LD_RUNPATH_SEARCH_PATHS = "$(inherited) @executable_path/Frameworks";
				PRODUCT_NAME = "$(TARGET_NAME)";
			};
			name = Debug;
		};
		F51C00EA1B8602B7001854E7 /* Release */ = {
			isa = XCBuildConfiguration;
			baseConfigurationReference = 7C80FA7B48D106B60C6CC70E /* Pods-Weather.release.xcconfig */;
			buildSettings = {
				ASSETCATALOG_COMPILER_APPICON_NAME = AppIcon;
				INFOPLIST_FILE = Weather/Info.plist;
				LD_RUNPATH_SEARCH_PATHS = "$(inherited) @executable_path/Frameworks";
				PRODUCT_NAME = "$(TARGET_NAME)";
			};
			name = Release;
		};
		F51C00EC1B8602B7001854E7 /* Debug */ = {
			isa = XCBuildConfiguration;
			buildSettings = {
				BUNDLE_LOADER = "$(TEST_HOST)";
				FRAMEWORK_SEARCH_PATHS = (
					"$(SDKROOT)/Developer/Library/Frameworks",
					"$(inherited)",
				);
				GCC_PREPROCESSOR_DEFINITIONS = (
					"DEBUG=1",
					"$(inherited)",
				);
				INFOPLIST_FILE = WeatherTests/Info.plist;
				LD_RUNPATH_SEARCH_PATHS = "$(inherited) @executable_path/Frameworks @loader_path/Frameworks";
				PRODUCT_NAME = "$(TARGET_NAME)";
				TEST_HOST = "$(BUILT_PRODUCTS_DIR)/Weather.app/Weather";
			};
			name = Debug;
		};
		F51C00ED1B8602B7001854E7 /* Release */ = {
			isa = XCBuildConfiguration;
			buildSettings = {
				BUNDLE_LOADER = "$(TEST_HOST)";
				FRAMEWORK_SEARCH_PATHS = (
					"$(SDKROOT)/Developer/Library/Frameworks",
					"$(inherited)",
				);
				INFOPLIST_FILE = WeatherTests/Info.plist;
				LD_RUNPATH_SEARCH_PATHS = "$(inherited) @executable_path/Frameworks @loader_path/Frameworks";
				PRODUCT_NAME = "$(TARGET_NAME)";
				TEST_HOST = "$(BUILT_PRODUCTS_DIR)/Weather.app/Weather";
			};
			name = Release;
		};
/* End XCBuildConfiguration section */

/* Begin XCConfigurationList section */
		F51C00C61B8602B6001854E7 /* Build configuration list for PBXProject "Weather" */ = {
			isa = XCConfigurationList;
			buildConfigurations = (
				F51C00E61B8602B7001854E7 /* Debug */,
				F51C00E71B8602B7001854E7 /* Release */,
			);
			defaultConfigurationIsVisible = 0;
			defaultConfigurationName = Release;
		};
		F51C00E81B8602B7001854E7 /* Build configuration list for PBXNativeTarget "Weather" */ = {
			isa = XCConfigurationList;
			buildConfigurations = (
				F51C00E91B8602B7001854E7 /* Debug */,
				F51C00EA1B8602B7001854E7 /* Release */,
			);
			defaultConfigurationIsVisible = 0;
			defaultConfigurationName = Release;
		};
		F51C00EB1B8602B7001854E7 /* Build configuration list for PBXNativeTarget "WeatherTests" */ = {
			isa = XCConfigurationList;
			buildConfigurations = (
				F51C00EC1B8602B7001854E7 /* Debug */,
				F51C00ED1B8602B7001854E7 /* Release */,
			);
			defaultConfigurationIsVisible = 0;
			defaultConfigurationName = Release;
		};
/* End XCConfigurationList section */
	};
	rootObject = F51C00C31B8602B6001854E7 /* Project object */;
}
